// !$*UTF8*$!
{
	archiveVersion = 1;
	classes = {
	};
	objectVersion = 50;
	objects = {

/* Begin PBXBuildFile section */
		8A16376C22816CE400AD3E1E /* AppDelegate.swift in Sources */ = {isa = PBXBuildFile; fileRef = 8A16376B22816CE400AD3E1E /* AppDelegate.swift */; };
		8A16376E22816CE400AD3E1E /* art.scnassets in Resources */ = {isa = PBXBuildFile; fileRef = 8A16376D22816CE400AD3E1E /* art.scnassets */; };
		8A16377022816CE400AD3E1E /* ViewController.swift in Sources */ = {isa = PBXBuildFile; fileRef = 8A16376F22816CE400AD3E1E /* ViewController.swift */; };
		8A16377322816CE400AD3E1E /* Main.storyboard in Resources */ = {isa = PBXBuildFile; fileRef = 8A16377122816CE400AD3E1E /* Main.storyboard */; };
		8A16377522816CE500AD3E1E /* Assets.xcassets in Resources */ = {isa = PBXBuildFile; fileRef = 8A16377422816CE500AD3E1E /* Assets.xcassets */; };
		8A16377822816CE500AD3E1E /* LaunchScreen.storyboard in Resources */ = {isa = PBXBuildFile; fileRef = 8A16377622816CE500AD3E1E /* LaunchScreen.storyboard */; };
		8A16378022816ECF00AD3E1E /* Plane.swift in Sources */ = {isa = PBXBuildFile; fileRef = 8A16377F22816ECF00AD3E1E /* Plane.swift */; };
		8A1637862281787000AD3E1E /* grid.png in Resources */ = {isa = PBXBuildFile; fileRef = 8A1637852281787000AD3E1E /* grid.png */; };
/* End PBXBuildFile section */

/* Begin PBXFileReference section */
		8A16376822816CE400AD3E1E /* ARKitPlanes.app */ = {isa = PBXFileReference; explicitFileType = wrapper.application; includeInIndex = 0; path = ARKitPlanes.app; sourceTree = BUILT_PRODUCTS_DIR; };
		8A16376B22816CE400AD3E1E /* AppDelegate.swift */ = {isa = PBXFileReference; lastKnownFileType = sourcecode.swift; path = AppDelegate.swift; sourceTree = "<group>"; };
		8A16376D22816CE400AD3E1E /* art.scnassets */ = {isa = PBXFileReference; lastKnownFileType = wrapper.scnassets; path = art.scnassets; sourceTree = "<group>"; };
		8A16376F22816CE400AD3E1E /* ViewController.swift */ = {isa = PBXFileReference; lastKnownFileType = sourcecode.swift; path = ViewController.swift; sourceTree = "<group>"; };
		8A16377222816CE400AD3E1E /* Base */ = {isa = PBXFileReference; lastKnownFileType = file.storyboard; name = Base; path = Base.lproj/Main.storyboard; sourceTree = "<group>"; };
		8A16377422816CE500AD3E1E /* Assets.xcassets */ = {isa = PBXFileReference; lastKnownFileType = folder.assetcatalog; path = Assets.xcassets; sourceTree = "<group>"; };
		8A16377722816CE500AD3E1E /* Base */ = {isa = PBXFileReference; lastKnownFileType = file.storyboard; name = Base; path = Base.lproj/LaunchScreen.storyboard; sourceTree = "<group>"; };
		8A16377922816CE500AD3E1E /* Info.plist */ = {isa = PBXFileReference; lastKnownFileType = text.plist.xml; path = Info.plist; sourceTree = "<group>"; };
		8A16377F22816ECF00AD3E1E /* Plane.swift */ = {isa = PBXFileReference; lastKnownFileType = sourcecode.swift; path = Plane.swift; sourceTree = "<group>"; };
		8A1637852281787000AD3E1E /* grid.png */ = {isa = PBXFileReference; lastKnownFileType = image.png; path = grid.png; sourceTree = "<group>"; };
/* End PBXFileReference section */

/* Begin PBXFrameworksBuildPhase section */
		8A16376522816CE400AD3E1E /* Frameworks */ = {
			isa = PBXFrameworksBuildPhase;
			buildActionMask = 2147483647;
			files = (
			);
			runOnlyForDeploymentPostprocessing = 0;
		};
/* End PBXFrameworksBuildPhase section */

/* Begin PBXGroup section */
		8A16375F22816CE400AD3E1E = {
			isa = PBXGroup;
			children = (
				8A16376A22816CE400AD3E1E /* ARKitPlanes */,
				8A16376922816CE400AD3E1E /* Products */,
			);
			sourceTree = "<group>";
		};
		8A16376922816CE400AD3E1E /* Products */ = {
			isa = PBXGroup;
			children = (
				8A16376822816CE400AD3E1E /* ARKitPlanes.app */,
			);
			name = Products;
			sourceTree = "<group>";
		};
		8A16376A22816CE400AD3E1E /* ARKitPlanes */ = {
			isa = PBXGroup;
			children = (
				8A16376B22816CE400AD3E1E /* AppDelegate.swift */,
				8A16376D22816CE400AD3E1E /* art.scnassets */,
				8A16376F22816CE400AD3E1E /* ViewController.swift */,
				8A16377122816CE400AD3E1E /* Main.storyboard */,
				8A16377422816CE500AD3E1E /* Assets.xcassets */,
				8A16377622816CE500AD3E1E /* LaunchScreen.storyboard */,
				8A16377922816CE500AD3E1E /* Info.plist */,
				8A16377F22816ECF00AD3E1E /* Plane.swift */,
				8A1637852281787000AD3E1E /* grid.png */,
			);
			path = ARKitPlanes;
			sourceTree = "<group>";
		};
/* End PBXGroup section */

/* Begin PBXNativeTarget section */
		8A16376722816CE400AD3E1E /* ARKitPlanes */ = {
			isa = PBXNativeTarget;
			buildConfigurationList = 8A16377C22816CE500AD3E1E /* Build configuration list for PBXNativeTarget "ARKitPlanes" */;
			buildPhases = (
				8A16376422816CE400AD3E1E /* Sources */,
				8A16376522816CE400AD3E1E /* Frameworks */,
				8A16376622816CE400AD3E1E /* Resources */,
			);
			buildRules = (
			);
			dependencies = (
			);
			name = ARKitPlanes;
			productName = ARKitPlanes;
			productReference = 8A16376822816CE400AD3E1E /* ARKitPlanes.app */;
			productType = "com.apple.product-type.application";
		};
/* End PBXNativeTarget section */

/* Begin PBXProject section */
		8A16376022816CE400AD3E1E /* Project object */ = {
			isa = PBXProject;
			attributes = {
				LastSwiftUpdateCheck = 1020;
				LastUpgradeCheck = 1020;
				ORGANIZATIONNAME = "Maxim Spiridonov";
				TargetAttributes = {
					8A16376722816CE400AD3E1E = {
						CreatedOnToolsVersion = 10.2;
					};
				};
			};
			buildConfigurationList = 8A16376322816CE400AD3E1E /* Build configuration list for PBXProject "ARKitPlanes" */;
			compatibilityVersion = "Xcode 9.3";
			developmentRegion = en;
			hasScannedForEncodings = 0;
			knownRegions = (
				en,
				Base,
			);
			mainGroup = 8A16375F22816CE400AD3E1E;
			productRefGroup = 8A16376922816CE400AD3E1E /* Products */;
			projectDirPath = "";
			projectRoot = "";
			targets = (
				8A16376722816CE400AD3E1E /* ARKitPlanes */,
			);
		};
/* End PBXProject section */

/* Begin PBXResourcesBuildPhase section */
		8A16376622816CE400AD3E1E /* Resources */ = {
			isa = PBXResourcesBuildPhase;
			buildActionMask = 2147483647;
			files = (
				8A16376E22816CE400AD3E1E /* art.scnassets in Resources */,
				8A1637862281787000AD3E1E /* grid.png in Resources */,
				8A16377822816CE500AD3E1E /* LaunchScreen.storyboard in Resources */,
				8A16377522816CE500AD3E1E /* Assets.xcassets in Resources */,
				8A16377322816CE400AD3E1E /* Main.storyboard in Resources */,
			);
			runOnlyForDeploymentPostprocessing = 0;
		};
/* End PBXResourcesBuildPhase section */

/* Begin PBXSourcesBuildPhase section */
		8A16376422816CE400AD3E1E /* Sources */ = {
			isa = PBXSourcesBuildPhase;
			buildActionMask = 2147483647;
			files = (
				8A16377022816CE400AD3E1E /* ViewController.swift in Sources */,
				8A16378022816ECF00AD3E1E /* Plane.swift in Sources */,
				8A16376C22816CE400AD3E1E /* AppDelegate.swift in Sources */,
			);
			runOnlyForDeploymentPostprocessing = 0;
		};
/* End PBXSourcesBuildPhase section */

/* Begin PBXVariantGroup section */
		8A16377122816CE400AD3E1E /* Main.storyboard */ = {
			isa = PBXVariantGroup;
			children = (
				8A16377222816CE400AD3E1E /* Base */,
			);
			name = Main.storyboard;
			sourceTree = "<group>";
		};
		8A16377622816CE500AD3E1E /* LaunchScreen.storyboard */ = {
			isa = PBXVariantGroup;
			children = (
				8A16377722816CE500AD3E1E /* Base */,
			);
			name = LaunchScreen.storyboard;
			sourceTree = "<group>";
		};
/* End PBXVariantGroup section */

/* Begin XCBuildConfiguration section */
		8A16377A22816CE500AD3E1E /* Debug */ = {
			isa = XCBuildConfiguration;
			buildSettings = {
				ALWAYS_SEARCH_USER_PATHS = NO;
				CLANG_ANALYZER_NONNULL = YES;
				CLANG_ANALYZER_NUMBER_OBJECT_CONVERSION = YES_AGGRESSIVE;
				CLANG_CXX_LANGUAGE_STANDARD = "gnu++14";
				CLANG_CXX_LIBRARY = "libc++";
				CLANG_ENABLE_MODULES = YES;
				CLANG_ENABLE_OBJC_ARC = YES;
				CLANG_ENABLE_OBJC_WEAK = YES;
				CLANG_WARN_BLOCK_CAPTURE_AUTORELEASING = YES;
				CLANG_WARN_BOOL_CONVERSION = YES;
				CLANG_WARN_COMMA = YES;
				CLANG_WARN_CONSTANT_CONVERSION = YES;
				CLANG_WARN_DEPRECATED_OBJC_IMPLEMENTATIONS = YES;
				CLANG_WARN_DIRECT_OBJC_ISA_USAGE = YES_ERROR;
				CLANG_WARN_DOCUMENTATION_COMMENTS = YES;
				CLANG_WARN_EMPTY_BODY = YES;
				CLANG_WARN_ENUM_CONVERSION = YES;
				CLANG_WARN_INFINITE_RECURSION = YES;
				CLANG_WARN_INT_CONVERSION = YES;
				CLANG_WARN_NON_LITERAL_NULL_CONVERSION = YES;
				CLANG_WARN_OBJC_IMPLICIT_RETAIN_SELF = YES;
				CLANG_WARN_OBJC_LITERAL_CONVERSION = YES;
				CLANG_WARN_OBJC_ROOT_CLASS = YES_ERROR;
				CLANG_WARN_RANGE_LOOP_ANALYSIS = YES;
				CLANG_WARN_STRICT_PROTOTYPES = YES;
				CLANG_WARN_SUSPICIOUS_MOVE = YES;
				CLANG_WARN_UNGUARDED_AVAILABILITY = YES_AGGRESSIVE;
				CLANG_WARN_UNREACHABLE_CODE = YES;
				CLANG_WARN__DUPLICATE_METHOD_MATCH = YES;
				CODE_SIGN_IDENTITY = "iPhone Developer";
				COPY_PHASE_STRIP = NO;
				DEBUG_INFORMATION_FORMAT = dwarf;
				ENABLE_STRICT_OBJC_MSGSEND = YES;
				ENABLE_TESTABILITY = YES;
				GCC_C_LANGUAGE_STANDARD = gnu11;
				GCC_DYNAMIC_NO_PIC = NO;
				GCC_NO_COMMON_BLOCKS = YES;
				GCC_OPTIMIZATION_LEVEL = 0;
				GCC_PREPROCESSOR_DEFINITIONS = (
					"DEBUG=1",
					"$(inherited)",
				);
				GCC_WARN_64_TO_32_BIT_CONVERSION = YES;
				GCC_WARN_ABOUT_RETURN_TYPE = YES_ERROR;
				GCC_WARN_UNDECLARED_SELECTOR = YES;
				GCC_WARN_UNINITIALIZED_AUTOS = YES_AGGRESSIVE;
				GCC_WARN_UNUSED_FUNCTION = YES;
				GCC_WARN_UNUSED_VARIABLE = YES;
				IPHONEOS_DEPLOYMENT_TARGET = 12.2;
				MTL_ENABLE_DEBUG_INFO = INCLUDE_SOURCE;
				MTL_FAST_MATH = YES;
				ONLY_ACTIVE_ARCH = YES;
				SDKROOT = iphoneos;
				SWIFT_ACTIVE_COMPILATION_CONDITIONS = DEBUG;
				SWIFT_OPTIMIZATION_LEVEL = "-Onone";
			};
			name = Debug;
		};
		8A16377B22816CE500AD3E1E /* Release */ = {
			isa = XCBuildConfiguration;
			buildSettings = {
				ALWAYS_SEARCH_USER_PATHS = NO;
				CLANG_ANALYZER_NONNULL = YES;
				CLANG_ANALYZER_NUMBER_OBJECT_CONVERSION = YES_AGGRESSIVE;
				CLANG_CXX_LANGUAGE_STANDARD = "gnu++14";
				CLANG_CXX_LIBRARY = "libc++";
				CLANG_ENABLE_MODULES = YES;
				CLANG_ENABLE_OBJC_ARC = YES;
				CLANG_ENABLE_OBJC_WEAK = YES;
				CLANG_WARN_BLOCK_CAPTURE_AUTORELEASING = YES;
				CLANG_WARN_BOOL_CONVERSION = YES;
				CLANG_WARN_COMMA = YES;
				CLANG_WARN_CONSTANT_CONVERSION = YES;
				CLANG_WARN_DEPRECATED_OBJC_IMPLEMENTATIONS = YES;
				CLANG_WARN_DIRECT_OBJC_ISA_USAGE = YES_ERROR;
				CLANG_WARN_DOCUMENTATION_COMMENTS = YES;
				CLANG_WARN_EMPTY_BODY = YES;
				CLANG_WARN_ENUM_CONVERSION = YES;
				CLANG_WARN_INFINITE_RECURSION = YES;
				CLANG_WARN_INT_CONVERSION = YES;
				CLANG_WARN_NON_LITERAL_NULL_CONVERSION = YES;
				CLANG_WARN_OBJC_IMPLICIT_RETAIN_SELF = YES;
				CLANG_WARN_OBJC_LITERAL_CONVERSION = YES;
				CLANG_WARN_OBJC_ROOT_CLASS = YES_ERROR;
				CLANG_WARN_RANGE_LOOP_ANALYSIS = YES;
				CLANG_WARN_STRICT_PROTOTYPES = YES;
				CLANG_WARN_SUSPICIOUS_MOVE = YES;
				CLANG_WARN_UNGUARDED_AVAILABILITY = YES_AGGRESSIVE;
				CLANG_WARN_UNREACHABLE_CODE = YES;
				CLANG_WARN__DUPLICATE_METHOD_MATCH = YES;
				CODE_SIGN_IDENTITY = "iPhone Developer";
				COPY_PHASE_STRIP = NO;
				DEBUG_INFORMATION_FORMAT = "dwarf-with-dsym";
				ENABLE_NS_ASSERTIONS = NO;
				ENABLE_STRICT_OBJC_MSGSEND = YES;
				GCC_C_LANGUAGE_STANDARD = gnu11;
				GCC_NO_COMMON_BLOCKS = YES;
				GCC_WARN_64_TO_32_BIT_CONVERSION = YES;
				GCC_WARN_ABOUT_RETURN_TYPE = YES_ERROR;
				GCC_WARN_UNDECLARED_SELECTOR = YES;
				GCC_WARN_UNINITIALIZED_AUTOS = YES_AGGRESSIVE;
				GCC_WARN_UNUSED_FUNCTION = YES;
				GCC_WARN_UNUSED_VARIABLE = YES;
				IPHONEOS_DEPLOYMENT_TARGET = 12.2;
				MTL_ENABLE_DEBUG_INFO = NO;
				MTL_FAST_MATH = YES;
				SDKROOT = iphoneos;
				SWIFT_COMPILATION_MODE = wholemodule;
				SWIFT_OPTIMIZATION_LEVEL = "-O";
				VALIDATE_PRODUCT = YES;
			};
			name = Release;
		};
		8A16377D22816CE500AD3E1E /* Debug */ = {
			isa = XCBuildConfiguration;
			buildSettings = {
				ASSETCATALOG_COMPILER_APPICON_NAME = AppIcon;
				CODE_SIGN_STYLE = Automatic;
				DEVELOPMENT_TEAM = C8F3CLJ592;
				INFOPLIST_FILE = ARKitPlanes/Info.plist;
				LD_RUNPATH_SEARCH_PATHS = (
					"$(inherited)",
					"@executable_path/Frameworks",
				);
				PRODUCT_BUNDLE_IDENTIFIER = com.taijased.ARKitPlanes;
				PRODUCT_NAME = "$(TARGET_NAME)";
				SWIFT_VERSION = 5.0;
				TARGETED_DEVICE_FAMILY = "1,2";
			};
			name = Debug;
		};
		8A16377E22816CE500AD3E1E /* Release */ = {
			isa = XCBuildConfiguration;
			buildSettings = {
				ASSETCATALOG_COMPILER_APPICON_NAME = AppIcon;
				CODE_SIGN_STYLE = Automatic;
				DEVELOPMENT_TEAM = C8F3CLJ592;
				INFOPLIST_FILE = ARKitPlanes/Info.plist;
				LD_RUNPATH_SEARCH_PATHS = (
					"$(inherited)",
					"@executable_path/Frameworks",
				);
				PRODUCT_BUNDLE_IDENTIFIER = com.taijased.ARKitPlanes;
				PRODUCT_NAME = "$(TARGET_NAME)";
				SWIFT_VERSION = 5.0;
				TARGETED_DEVICE_FAMILY = "1,2";
			};
			name = Release;
		};
/* End XCBuildConfiguration section */

/* Begin XCConfigurationList section */
		8A16376322816CE400AD3E1E /* Build configuration list for PBXProject "ARKitPlanes" */ = {
			isa = XCConfigurationList;
			buildConfigurations = (
				8A16377A22816CE500AD3E1E /* Debug */,
				8A16377B22816CE500AD3E1E /* Release */,
			);
			defaultConfigurationIsVisible = 0;
			defaultConfigurationName = Release;
		};
		8A16377C22816CE500AD3E1E /* Build configuration list for PBXNativeTarget "ARKitPlanes" */ = {
			isa = XCConfigurationList;
			buildConfigurations = (
				8A16377D22816CE500AD3E1E /* Debug */,
				8A16377E22816CE500AD3E1E /* Release */,
			);
			defaultConfigurationIsVisible = 0;
			defaultConfigurationName = Release;
		};
/* End XCConfigurationList section */
	};
	rootObject = 8A16376022816CE400AD3E1E /* Project object */;
}
